
Microsoft Visual Studio Solution File, Format Version 12.00
# Visual Studio 2013
VisualStudioVersion = 12.0.21005.1
MinimumVisualStudioVersion = 10.0.40219.1
Project("{8BC9CEB8-8B4A-11D0-8D11-00A0C91BC942}") = "Hidden", "Hidden\Hidden.vcxproj", "{3E4BBCD0-DC35-4825-9A8D-8686CDFAA6A8}"
EndProject
Project("{8BC9CEB8-8B4A-11D0-8D11-00A0C91BC942}") = "Hidden Package", "Hidden Package\Hidden Package.vcxproj", "{D6C8BE8B-D2E2-40BA-ADAC-E23FD8062E93}"
	ProjectSection(ProjectDependencies) = postProject
		{3E4BBCD0-DC35-4825-9A8D-8686CDFAA6A8} = {3E4BBCD0-DC35-4825-9A8D-8686CDFAA6A8}
	EndProjectSection
EndProject
Project("{8BC9CEB8-8B4A-11D0-8D11-00A0C91BC942}") = "HiddenLib", "HiddenLib\HiddenLib.vcxproj", "{EFECF76B-C3A8-4444-9314-70F72A0A48D8}"
EndProject
Project("{8BC9CEB8-8B4A-11D0-8D11-00A0C91BC942}") = "HiddenCLI", "HiddenCLI\HiddenCLI.vcxproj", "{E6A7AAAD-4877-4F05-A5A1-F42707895996}"
	ProjectSection(ProjectDependencies) = postProject
		{EFECF76B-C3A8-4444-9314-70F72A0A48D8} = {EFECF76B-C3A8-4444-9314-70F72A0A48D8}
	EndProjectSection
EndProject
Project("{8BC9CEB8-8B4A-11D0-8D11-00A0C91BC942}") = "HiddenTests", "HiddenTests\HiddenTests.vcxproj", "{023C63A1-726C-48D9-AA17-E62A7EFD862D}"
	ProjectSection(ProjectDependencies) = postProject
		{EFECF76B-C3A8-4444-9314-70F72A0A48D8} = {EFECF76B-C3A8-4444-9314-70F72A0A48D8}
	EndProjectSection
EndProject
Global
	GlobalSection(SolutionConfigurationPlatforms) = preSolution
		Debug|Win32 = Debug|Win32
		Debug|x64 = Debug|x64
		Release|Win32 = Release|Win32
		Release|x64 = Release|x64
		Win7 Debug|Win32 = Win7 Debug|Win32
		Win7 Debug|x64 = Win7 Debug|x64
		Win7 Release|Win32 = Win7 Release|Win32
		Win7 Release|x64 = Win7 Release|x64
		Win8 Debug|Win32 = Win8 Debug|Win32
		Win8 Debug|x64 = Win8 Debug|x64
		Win8 Release|Win32 = Win8 Release|Win32
		Win8 Release|x64 = Win8 Release|x64
		Win8.1 Debug|Win32 = Win8.1 Debug|Win32
		Win8.1 Debug|x64 = Win8.1 Debug|x64
		Win8.1 Release|Win32 = Win8.1 Release|Win32
		Win8.1 Release|x64 = Win8.1 Release|x64
	EndGlobalSection
	GlobalSection(ProjectConfigurationPlatforms) = postSolution
		{3E4BBCD0-DC35-4825-9A8D-8686CDFAA6A8}.Debug|Win32.ActiveCfg = Win8.1 Debug|Win32
		{3E4BBCD0-DC35-4825-9A8D-8686CDFAA6A8}.Debug|Win32.Build.0 = Win8.1 Debug|Win32
		{3E4BBCD0-DC35-4825-9A8D-8686CDFAA6A8}.Debug|Win32.Deploy.0 = Win8.1 Debug|Win32
		{3E4BBCD0-DC35-4825-9A8D-8686CDFAA6A8}.Debug|x64.ActiveCfg = Win8.1 Debug|x64
		{3E4BBCD0-DC35-4825-9A8D-8686CDFAA6A8}.Debug|x64.Build.0 = Win8.1 Debug|x64
		{3E4BBCD0-DC35-4825-9A8D-8686CDFAA6A8}.Release|Win32.ActiveCfg = Win8.1 Release|Win32
		{3E4BBCD0-DC35-4825-9A8D-8686CDFAA6A8}.Release|Win32.Build.0 = Win8.1 Release|Win32
		{3E4BBCD0-DC35-4825-9A8D-8686CDFAA6A8}.Release|Win32.Deploy.0 = Win8.1 Release|Win32
		{3E4BBCD0-DC35-4825-9A8D-8686CDFAA6A8}.Release|x64.ActiveCfg = Win8.1 Release|x64
		{3E4BBCD0-DC35-4825-9A8D-8686CDFAA6A8}.Release|x64.Build.0 = Win8.1 Release|x64
		{3E4BBCD0-DC35-4825-9A8D-8686CDFAA6A8}.Win7 Debug|Win32.ActiveCfg = Win7 Debug|Win32
		{3E4BBCD0-DC35-4825-9A8D-8686CDFAA6A8}.Win7 Debug|Win32.Build.0 = Win7 Debug|Win32
		{3E4BBCD0-DC35-4825-9A8D-8686CDFAA6A8}.Win7 Debug|Win32.Deploy.0 = Win7 Debug|Win32
		{3E4BBCD0-DC35-4825-9A8D-8686CDFAA6A8}.Win7 Debug|x64.ActiveCfg = Win7 Debug|x64
		{3E4BBCD0-DC35-4825-9A8D-8686CDFAA6A8}.Win7 Debug|x64.Build.0 = Win7 Debug|x64
		{3E4BBCD0-DC35-4825-9A8D-8686CDFAA6A8}.Win7 Debug|x64.Deploy.0 = Win7 Debug|x64
		{3E4BBCD0-DC35-4825-9A8D-8686CDFAA6A8}.Win7 Release|Win32.ActiveCfg = Win7 Release|Win32
		{3E4BBCD0-DC35-4825-9A8D-8686CDFAA6A8}.Win7 Release|Win32.Build.0 = Win7 Release|Win32
		{3E4BBCD0-DC35-4825-9A8D-8686CDFAA6A8}.Win7 Release|Win32.Deploy.0 = Win7 Release|Win32
		{3E4BBCD0-DC35-4825-9A8D-8686CDFAA6A8}.Win7 Release|x64.ActiveCfg = Win7 Release|x64
		{3E4BBCD0-DC35-4825-9A8D-8686CDFAA6A8}.Win7 Release|x64.Build.0 = Win7 Release|x64
		{3E4BBCD0-DC35-4825-9A8D-8686CDFAA6A8}.Win7 Release|x64.Deploy.0 = Win7 Release|x64
		{3E4BBCD0-DC35-4825-9A8D-8686CDFAA6A8}.Win8 Debug|Win32.ActiveCfg = Win8 Debug|Win32
		{3E4BBCD0-DC35-4825-9A8D-8686CDFAA6A8}.Win8 Debug|Win32.Build.0 = Win8 Debug|Win32
		{3E4BBCD0-DC35-4825-9A8D-8686CDFAA6A8}.Win8 Debug|Win32.Deploy.0 = Win8 Debug|Win32
		{3E4BBCD0-DC35-4825-9A8D-8686CDFAA6A8}.Win8 Debug|x64.ActiveCfg = Win8 Debug|x64
		{3E4BBCD0-DC35-4825-9A8D-8686CDFAA6A8}.Win8 Debug|x64.Build.0 = Win8 Debug|x64
		{3E4BBCD0-DC35-4825-9A8D-8686CDFAA6A8}.Win8 Debug|x64.Deploy.0 = Win8 Debug|x64
		{3E4BBCD0-DC35-4825-9A8D-8686CDFAA6A8}.Win8 Release|Win32.ActiveCfg = Win8 Release|Win32
		{3E4BBCD0-DC35-4825-9A8D-8686CDFAA6A8}.Win8 Release|Win32.Build.0 = Win8 Release|Win32
		{3E4BBCD0-DC35-4825-9A8D-8686CDFAA6A8}.Win8 Release|Win32.Deploy.0 = Win8 Release|Win32
		{3E4BBCD0-DC35-4825-9A8D-8686CDFAA6A8}.Win8 Release|x64.ActiveCfg = Win8 Release|x64
		{3E4BBCD0-DC35-4825-9A8D-8686CDFAA6A8}.Win8 Release|x64.Build.0 = Win8 Release|x64
		{3E4BBCD0-DC35-4825-9A8D-8686CDFAA6A8}.Win8 Release|x64.Deploy.0 = Win8 Release|x64
		{3E4BBCD0-DC35-4825-9A8D-8686CDFAA6A8}.Win8.1 Debug|Win32.ActiveCfg = Win8.1 Debug|Win32
		{3E4BBCD0-DC35-4825-9A8D-8686CDFAA6A8}.Win8.1 Debug|Win32.Build.0 = Win8.1 Debug|Win32
		{3E4BBCD0-DC35-4825-9A8D-8686CDFAA6A8}.Win8.1 Debug|Win32.Deploy.0 = Win8.1 Debug|Win32
		{3E4BBCD0-DC35-4825-9A8D-8686CDFAA6A8}.Win8.1 Debug|x64.ActiveCfg = Win8.1 Debug|x64
		{3E4BBCD0-DC35-4825-9A8D-8686CDFAA6A8}.Win8.1 Debug|x64.Build.0 = Win8.1 Debug|x64
		{3E4BBCD0-DC35-4825-9A8D-8686CDFAA6A8}.Win8.1 Debug|x64.Deploy.0 = Win8.1 Debug|x64
		{3E4BBCD0-DC35-4825-9A8D-8686CDFAA6A8}.Win8.1 Release|Win32.ActiveCfg = Win8.1 Release|Win32
		{3E4BBCD0-DC35-4825-9A8D-8686CDFAA6A8}.Win8.1 Release|Win32.Build.0 = Win8.1 Release|Win32
		{3E4BBCD0-DC35-4825-9A8D-8686CDFAA6A8}.Win8.1 Release|Win32.Deploy.0 = Win8.1 Release|Win32
		{3E4BBCD0-DC35-4825-9A8D-8686CDFAA6A8}.Win8.1 Release|x64.ActiveCfg = Win8.1 Release|x64
		{3E4BBCD0-DC35-4825-9A8D-8686CDFAA6A8}.Win8.1 Release|x64.Build.0 = Win8.1 Release|x64
		{3E4BBCD0-DC35-4825-9A8D-8686CDFAA6A8}.Win8.1 Release|x64.Deploy.0 = Win8.1 Release|x64
		{D6C8BE8B-D2E2-40BA-ADAC-E23FD8062E93}.Debug|Win32.ActiveCfg = Win8.1 Debug|Win32
		{D6C8BE8B-D2E2-40BA-ADAC-E23FD8062E93}.Debug|Win32.Build.0 = Win8.1 Debug|Win32
		{D6C8BE8B-D2E2-40BA-ADAC-E23FD8062E93}.Debug|Win32.Deploy.0 = Win8.1 Debug|Win32
		{D6C8BE8B-D2E2-40BA-ADAC-E23FD8062E93}.Debug|x64.ActiveCfg = Win8.1 Debug|x64
		{D6C8BE8B-D2E2-40BA-ADAC-E23FD8062E93}.Debug|x64.Build.0 = Win8.1 Debug|x64
		{D6C8BE8B-D2E2-40BA-ADAC-E23FD8062E93}.Release|Win32.ActiveCfg = Win8.1 Release|Win32
		{D6C8BE8B-D2E2-40BA-ADAC-E23FD8062E93}.Release|Win32.Build.0 = Win8.1 Release|Win32
		{D6C8BE8B-D2E2-40BA-ADAC-E23FD8062E93}.Release|Win32.Deploy.0 = Win8.1 Release|Win32
		{D6C8BE8B-D2E2-40BA-ADAC-E23FD8062E93}.Release|x64.ActiveCfg = Win8.1 Release|x64
		{D6C8BE8B-D2E2-40BA-ADAC-E23FD8062E93}.Release|x64.Build.0 = Win8.1 Release|x64
		{D6C8BE8B-D2E2-40BA-ADAC-E23FD8062E93}.Win7 Debug|Win32.ActiveCfg = Win7 Debug|Win32
		{D6C8BE8B-D2E2-40BA-ADAC-E23FD8062E93}.Win7 Debug|Win32.Build.0 = Win7 Debug|Win32
		{D6C8BE8B-D2E2-40BA-ADAC-E23FD8062E93}.Win7 Debug|Win32.Deploy.0 = Win7 Debug|Win32
		{D6C8BE8B-D2E2-40BA-ADAC-E23FD8062E93}.Win7 Debug|x64.ActiveCfg = Win7 Debug|x64
		{D6C8BE8B-D2E2-40BA-ADAC-E23FD8062E93}.Win7 Debug|x64.Build.0 = Win7 Debug|x64
		{D6C8BE8B-D2E2-40BA-ADAC-E23FD8062E93}.Win7 Debug|x64.Deploy.0 = Win7 Debug|x64
		{D6C8BE8B-D2E2-40BA-ADAC-E23FD8062E93}.Win7 Release|Win32.ActiveCfg = Win7 Release|Win32
		{D6C8BE8B-D2E2-40BA-ADAC-E23FD8062E93}.Win7 Release|Win32.Build.0 = Win7 Release|Win32
		{D6C8BE8B-D2E2-40BA-ADAC-E23FD8062E93}.Win7 Release|Win32.Deploy.0 = Win7 Release|Win32
		{D6C8BE8B-D2E2-40BA-ADAC-E23FD8062E93}.Win7 Release|x64.ActiveCfg = Win7 Release|x64
		{D6C8BE8B-D2E2-40BA-ADAC-E23FD8062E93}.Win7 Release|x64.Build.0 = Win7 Release|x64
		{D6C8BE8B-D2E2-40BA-ADAC-E23FD8062E93}.Win7 Release|x64.Deploy.0 = Win7 Release|x64
		{D6C8BE8B-D2E2-40BA-ADAC-E23FD8062E93}.Win8 Debug|Win32.ActiveCfg = Win8 Debug|Win32
		{D6C8BE8B-D2E2-40BA-ADAC-E23FD8062E93}.Win8 Debug|Win32.Build.0 = Win8 Debug|Win32
		{D6C8BE8B-D2E2-40BA-ADAC-E23FD8062E93}.Win8 Debug|Win32.Deploy.0 = Win8 Debug|Win32
		{D6C8BE8B-D2E2-40BA-ADAC-E23FD8062E93}.Win8 Debug|x64.ActiveCfg = Win8 Debug|x64
		{D6C8BE8B-D2E2-40BA-ADAC-E23FD8062E93}.Win8 Debug|x64.Build.0 = Win8 Debug|x64
		{D6C8BE8B-D2E2-40BA-ADAC-E23FD8062E93}.Win8 Debug|x64.Deploy.0 = Win8 Debug|x64
		{D6C8BE8B-D2E2-40BA-ADAC-E23FD8062E93}.Win8 Release|Win32.ActiveCfg = Win8 Release|Win32
		{D6C8BE8B-D2E2-40BA-ADAC-E23FD8062E93}.Win8 Release|Win32.Build.0 = Win8 Release|Win32
		{D6C8BE8B-D2E2-40BA-ADAC-E23FD8062E93}.Win8 Release|Win32.Deploy.0 = Win8 Release|Win32
		{D6C8BE8B-D2E2-40BA-ADAC-E23FD8062E93}.Win8 Release|x64.ActiveCfg = Win8 Release|x64
		{D6C8BE8B-D2E2-40BA-ADAC-E23FD8062E93}.Win8 Release|x64.Build.0 = Win8 Release|x64
		{D6C8BE8B-D2E2-40BA-ADAC-E23FD8062E93}.Win8 Release|x64.Deploy.0 = Win8 Release|x64
		{D6C8BE8B-D2E2-40BA-ADAC-E23FD8062E93}.Win8.1 Debug|Win32.ActiveCfg = Win8.1 Debug|Win32
		{D6C8BE8B-D2E2-40BA-ADAC-E23FD8062E93}.Win8.1 Debug|Win32.Build.0 = Win8.1 Debug|Win32
		{D6C8BE8B-D2E2-40BA-ADAC-E23FD8062E93}.Win8.1 Debug|Win32.Deploy.0 = Win8.1 Debug|Win32
		{D6C8BE8B-D2E2-40BA-ADAC-E23FD8062E93}.Win8.1 Debug|x64.ActiveCfg = Win8.1 Debug|x64
		{D6C8BE8B-D2E2-40BA-ADAC-E23FD8062E93}.Win8.1 Debug|x64.Build.0 = Win8.1 Debug|x64
		{D6C8BE8B-D2E2-40BA-ADAC-E23FD8062E93}.Win8.1 Debug|x64.Deploy.0 = Win8.1 Debug|x64
		{D6C8BE8B-D2E2-40BA-ADAC-E23FD8062E93}.Win8.1 Release|Win32.ActiveCfg = Win8.1 Release|Win32
		{D6C8BE8B-D2E2-40BA-ADAC-E23FD8062E93}.Win8.1 Release|Win32.Build.0 = Win8.1 Release|Win32
		{D6C8BE8B-D2E2-40BA-ADAC-E23FD8062E93}.Win8.1 Release|Win32.Deploy.0 = Win8.1 Release|Win32
		{D6C8BE8B-D2E2-40BA-ADAC-E23FD8062E93}.Win8.1 Release|x64.ActiveCfg = Win8.1 Release|x64
		{D6C8BE8B-D2E2-40BA-ADAC-E23FD8062E93}.Win8.1 Release|x64.Build.0 = Win8.1 Release|x64
		{D6C8BE8B-D2E2-40BA-ADAC-E23FD8062E93}.Win8.1 Release|x64.Deploy.0 = Win8.1 Release|x64
		{EFECF76B-C3A8-4444-9314-70F72A0A48D8}.Debug|Win32.ActiveCfg = Debug|Win32
		{EFECF76B-C3A8-4444-9314-70F72A0A48D8}.Debug|Win32.Build.0 = Debug|Win32
		{EFECF76B-C3A8-4444-9314-70F72A0A48D8}.Debug|Win32.Deploy.0 = Debug|Win32
		{EFECF76B-C3A8-4444-9314-70F72A0A48D8}.Debug|x64.ActiveCfg = Debug|Win32
		{EFECF76B-C3A8-4444-9314-70F72A0A48D8}.Release|Win32.ActiveCfg = Release|Win32
		{EFECF76B-C3A8-4444-9314-70F72A0A48D8}.Release|Win32.Build.0 = Release|Win32
		{EFECF76B-C3A8-4444-9314-70F72A0A48D8}.Release|Win32.Deploy.0 = Release|Win32
		{EFECF76B-C3A8-4444-9314-70F72A0A48D8}.Release|x64.ActiveCfg = Release|Win32
		{EFECF76B-C3A8-4444-9314-70F72A0A48D8}.Win7 Debug|Win32.ActiveCfg = Debug|Win32
		{EFECF76B-C3A8-4444-9314-70F72A0A48D8}.Win7 Debug|Win32.Build.0 = Debug|Win32
		{EFECF76B-C3A8-4444-9314-70F72A0A48D8}.Win7 Debug|Win32.Deploy.0 = Debug|Win32
		{EFECF76B-C3A8-4444-9314-70F72A0A48D8}.Win7 Debug|x64.ActiveCfg = Debug|Win32
		{EFECF76B-C3A8-4444-9314-70F72A0A48D8}.Win7 Release|Win32.ActiveCfg = Release|Win32
		{EFECF76B-C3A8-4444-9314-70F72A0A48D8}.Win7 Release|Win32.Build.0 = Release|Win32
		{EFECF76B-C3A8-4444-9314-70F72A0A48D8}.Win7 Release|Win32.Deploy.0 = Release|Win32
		{EFECF76B-C3A8-4444-9314-70F72A0A48D8}.Win7 Release|x64.ActiveCfg = Release|Win32
		{EFECF76B-C3A8-4444-9314-70F72A0A48D8}.Win8 Debug|Win32.ActiveCfg = Debug|Win32
		{EFECF76B-C3A8-4444-9314-70F72A0A48D8}.Win8 Debug|Win32.Build.0 = Debug|Win32
		{EFECF76B-C3A8-4444-9314-70F72A0A48D8}.Win8 Debug|Win32.Deploy.0 = Debug|Win32
		{EFECF76B-C3A8-4444-9314-70F72A0A48D8}.Win8 Debug|x64.ActiveCfg = Debug|Win32
		{EFECF76B-C3A8-4444-9314-70F72A0A48D8}.Win8 Release|Win32.ActiveCfg = Release|Win32
		{EFECF76B-C3A8-4444-9314-70F72A0A48D8}.Win8 Release|Win32.Build.0 = Release|Win32
		{EFECF76B-C3A8-4444-9314-70F72A0A48D8}.Win8 Release|Win32.Deploy.0 = Release|Win32
		{EFECF76B-C3A8-4444-9314-70F72A0A48D8}.Win8 Release|x64.ActiveCfg = Release|Win32
		{EFECF76B-C3A8-4444-9314-70F72A0A48D8}.Win8.1 Debug|Win32.ActiveCfg = Debug|Win32
		{EFECF76B-C3A8-4444-9314-70F72A0A48D8}.Win8.1 Debug|Win32.Build.0 = Debug|Win32
		{EFECF76B-C3A8-4444-9314-70F72A0A48D8}.Win8.1 Debug|Win32.Deploy.0 = Debug|Win32
		{EFECF76B-C3A8-4444-9314-70F72A0A48D8}.Win8.1 Debug|x64.ActiveCfg = Debug|Win32
		{EFECF76B-C3A8-4444-9314-70F72A0A48D8}.Win8.1 Release|Win32.ActiveCfg = Release|Win32
		{EFECF76B-C3A8-4444-9314-70F72A0A48D8}.Win8.1 Release|Win32.Build.0 = Release|Win32
		{EFECF76B-C3A8-4444-9314-70F72A0A48D8}.Win8.1 Release|Win32.Deploy.0 = Release|Win32
		{EFECF76B-C3A8-4444-9314-70F72A0A48D8}.Win8.1 Release|x64.ActiveCfg = Release|Win32
		{E6A7AAAD-4877-4F05-A5A1-F42707895996}.Debug|Win32.ActiveCfg = Debug|Win32
		{E6A7AAAD-4877-4F05-A5A1-F42707895996}.Debug|Win32.Build.0 = Debug|Win32
		{E6A7AAAD-4877-4F05-A5A1-F42707895996}.Debug|Win32.Deploy.0 = Debug|Win32
		{E6A7AAAD-4877-4F05-A5A1-F42707895996}.Debug|x64.ActiveCfg = Debug|Win32
		{E6A7AAAD-4877-4F05-A5A1-F42707895996}.Release|Win32.ActiveCfg = Release|Win32
		{E6A7AAAD-4877-4F05-A5A1-F42707895996}.Release|Win32.Build.0 = Release|Win32
		{E6A7AAAD-4877-4F05-A5A1-F42707895996}.Release|Win32.Deploy.0 = Release|Win32
		{E6A7AAAD-4877-4F05-A5A1-F42707895996}.Release|x64.ActiveCfg = Release|Win32
		{E6A7AAAD-4877-4F05-A5A1-F42707895996}.Win7 Debug|Win32.ActiveCfg = Debug|Win32
		{E6A7AAAD-4877-4F05-A5A1-F42707895996}.Win7 Debug|Win32.Build.0 = Debug|Win32
		{E6A7AAAD-4877-4F05-A5A1-F42707895996}.Win7 Debug|Win32.Deploy.0 = Debug|Win32
		{E6A7AAAD-4877-4F05-A5A1-F42707895996}.Win7 Debug|x64.ActiveCfg = Debug|Win32
		{E6A7AAAD-4877-4F05-A5A1-F42707895996}.Win7 Release|Win32.ActiveCfg = Release|Win32
		{E6A7AAAD-4877-4F05-A5A1-F42707895996}.Win7 Release|Win32.Build.0 = Release|Win32
		{E6A7AAAD-4877-4F05-A5A1-F42707895996}.Win7 Release|Win32.Deploy.0 = Release|Win32
		{E6A7AAAD-4877-4F05-A5A1-F42707895996}.Win7 Release|x64.ActiveCfg = Release|Win32
		{E6A7AAAD-4877-4F05-A5A1-F42707895996}.Win8 Debug|Win32.ActiveCfg = Debug|Win32
		{E6A7AAAD-4877-4F05-A5A1-F42707895996}.Win8 Debug|Win32.Build.0 = Debug|Win32
		{E6A7AAAD-4877-4F05-A5A1-F42707895996}.Win8 Debug|Win32.Deploy.0 = Debug|Win32
		{E6A7AAAD-4877-4F05-A5A1-F42707895996}.Win8 Debug|x64.ActiveCfg = Debug|Win32
		{E6A7AAAD-4877-4F05-A5A1-F42707895996}.Win8 Release|Win32.ActiveCfg = Release|Win32
		{E6A7AAAD-4877-4F05-A5A1-F42707895996}.Win8 Release|Win32.Build.0 = Release|Win32
		{E6A7AAAD-4877-4F05-A5A1-F42707895996}.Win8 Release|Win32.Deploy.0 = Release|Win32
		{E6A7AAAD-4877-4F05-A5A1-F42707895996}.Win8 Release|x64.ActiveCfg = Release|Win32
		{E6A7AAAD-4877-4F05-A5A1-F42707895996}.Win8.1 Debug|Win32.ActiveCfg = Debug|Win32
		{E6A7AAAD-4877-4F05-A5A1-F42707895996}.Win8.1 Debug|Win32.Build.0 = Debug|Win32
		{E6A7AAAD-4877-4F05-A5A1-F42707895996}.Win8.1 Debug|Win32.Deploy.0 = Debug|Win32
		{E6A7AAAD-4877-4F05-A5A1-F42707895996}.Win8.1 Debug|x64.ActiveCfg = Debug|Win32
		{E6A7AAAD-4877-4F05-A5A1-F42707895996}.Win8.1 Release|Win32.ActiveCfg = Release|Win32
		{E6A7AAAD-4877-4F05-A5A1-F42707895996}.Win8.1 Release|Win32.Build.0 = Release|Win32
		{E6A7AAAD-4877-4F05-A5A1-F42707895996}.Win8.1 Release|Win32.Deploy.0 = Release|Win32
		{E6A7AAAD-4877-4F05-A5A1-F42707895996}.Win8.1 Release|x64.ActiveCfg = Release|Win32
		{023C63A1-726C-48D9-AA17-E62A7EFD862D}.Debug|Win32.ActiveCfg = Debug|Win32
		{023C63A1-726C-48D9-AA17-E62A7EFD862D}.Debug|Win32.Build.0 = Debug|Win32
		{023C63A1-726C-48D9-AA17-E62A7EFD862D}.Debug|x64.ActiveCfg = Debug|Win32
		{023C63A1-726C-48D9-AA17-E62A7EFD862D}.Release|Win32.ActiveCfg = Release|Win32
		{023C63A1-726C-48D9-AA17-E62A7EFD862D}.Release|Win32.Build.0 = Release|Win32
		{023C63A1-726C-48D9-AA17-E62A7EFD862D}.Release|x64.ActiveCfg = Release|Win32
		{023C63A1-726C-48D9-AA17-E62A7EFD862D}.Win7 Debug|Win32.ActiveCfg = Debug|Win32
		{023C63A1-726C-48D9-AA17-E62A7EFD862D}.Win7 Debug|Win32.Build.0 = Debug|Win32
		{023C63A1-726C-48D9-AA17-E62A7EFD862D}.Win7 Debug|x64.ActiveCfg = Debug|Win32
		{023C63A1-726C-48D9-AA17-E62A7EFD862D}.Win7 Release|Win32.ActiveCfg = Release|Win32
		{023C63A1-726C-48D9-AA17-E62A7EFD862D}.Win7 Release|Win32.Build.0 = Release|Win32
		{023C63A1-726C-48D9-AA17-E62A7EFD862D}.Win7 Release|x64.ActiveCfg = Release|Win32
		{023C63A1-726C-48D9-AA17-E62A7EFD862D}.Win8 Debug|Win32.ActiveCfg = Debug|Win32
		{023C63A1-726C-48D9-AA17-E62A7EFD862D}.Win8 Debug|Win32.Build.0 = Debug|Win32
		{023C63A1-726C-48D9-AA17-E62A7EFD862D}.Win8 Debug|x64.ActiveCfg = Debug|Win32
		{023C63A1-726C-48D9-AA17-E62A7EFD862D}.Win8 Release|Win32.ActiveCfg = Release|Win32
		{023C63A1-726C-48D9-AA17-E62A7EFD862D}.Win8 Release|Win32.Build.0 = Release|Win32
		{023C63A1-726C-48D9-AA17-E62A7EFD862D}.Win8 Release|x64.ActiveCfg = Release|Win32
		{023C63A1-726C-48D9-AA17-E62A7EFD862D}.Win8.1 Debug|Win32.ActiveCfg = Debug|Win32
		{023C63A1-726C-48D9-AA17-E62A7EFD862D}.Win8.1 Debug|Win32.Build.0 = Debug|Win32
		{023C63A1-726C-48D9-AA17-E62A7EFD862D}.Win8.1 Debug|x64.ActiveCfg = Debug|Win32
		{023C63A1-726C-48D9-AA17-E62A7EFD862D}.Win8.1 Release|Win32.ActiveCfg = Release|Win32
		{023C63A1-726C-48D9-AA17-E62A7EFD862D}.Win8.1 Release|Win32.Build.0 = Release|Win32
		{023C63A1-726C-48D9-AA17-E62A7EFD862D}.Win8.1 Release|x64.ActiveCfg = Release|Win32
	EndGlobalSection
	GlobalSection(SolutionProperties) = preSolution
		HideSolutionNode = FALSE
	EndGlobalSection
EndGlobal
