<?xml version="1.0" encoding="utf-8"?>
<Project ToolsVersion="4.0" xmlns="http://schemas.microsoft.com/developer/msbuild/2003">
  <ItemGroup>
    <ClCompile Include="HiddenCLI.cpp" />
    <ClCompile Include="Helper.cpp" />
    <ClCompile Include="Connection.cpp" />
    <ClCompile Include="Commands.cpp" />
    <ClCompile Include="Hide.cpp">
      <Filter>Commands</Filter>
    </ClCompile>
    <ClCompile Include="Ignore.cpp">
      <Filter>Commands</Filter>
    </ClCompile>
    <ClCompile Include="Protect.cpp">
      <Filter>Commands</Filter>
    </ClCompile>
    <ClCompile Include="Query.cpp">
      <Filter>Commands</Filter>
    </ClCompile>
    <ClCompile Include="State.cpp">
      <Filter>Commands</Filter>
    </ClCompile>
  </ItemGroup>
  <ItemGroup>
    <Text Include="cli.txt" />
  </ItemGroup>
  <ItemGroup>
    <ClInclude Include="Helper.h" />
    <ClInclude Include="Connection.h" />
    <ClInclude Include="Commands.h" />
    <ClInclude Include="Hide.h">
      <Filter>Commands</Filter>
    </ClInclude>
    <ClInclude Include="Ignore.h">
      <Filter>Commands</Filter>
    </ClInclude>
    <ClInclude Include="Protect.h">
      <Filter>Commands</Filter>
    </ClInclude>
    <ClInclude Include="Query.h">
      <Filter>Commands</Filter>
    </ClInclude>
    <ClInclude Include="State.h">
      <Filter>Commands</Filter>
    </ClInclude>
  </ItemGroup>
  <ItemGroup>
    <Filter Include="Commands">
      <UniqueIdentifier>{680a2e80-be0d-4ac2-8a4a-d59b67e55c61}</UniqueIdentifier>
    </Filter>
  </ItemGroup>
  <ItemGroup>
    <None Include="vmware.conf" />
  </ItemGroup>
</Project>